
Microsoft Visual Studio Solution File, Format Version 12.00
# Visual Studio Version 16
VisualStudioVersion = 16.0.30611.23
MinimumVisualStudioVersion = 10.0.40219.1
Project("{9A19103F-16F7-4668-BE54-9A1E7A4F7556}") = "TeamSpectate", "TeamSpectate.csproj", "{2FDC8A8B-F028-4B41-9C0B-183FB1DA56DF}"
EndProject
Global
	GlobalSection(SolutionConfigurationPlatforms) = preSolution
		Debug|Any CPU = Debug|Any CPU
		Release|Any CPU = Release|Any CPU
	EndGlobalSection
	GlobalSection(ProjectConfigurationPlatforms) = postSolution
		{2FDC8A8B-F028-4B41-9C0B-183FB1DA56DF}.Debug|Any CPU.ActiveCfg = Debug|Any CPU
		{2FDC8A8B-F028-4B41-9C0B-183FB1DA56DF}.Debug|Any CPU.Build.0 = Debug|Any CPU
		{2FDC8A8B-F028-4B41-9C0B-183FB1DA56DF}.Release|Any CPU.ActiveCfg = Release|Any CPU
		{2FDC8A8B-F028-4B41-9C0B-183FB1DA56DF}.Release|Any CPU.Build.0 = Release|Any CPU
	EndGlobalSection
	GlobalSection(SolutionProperties) = preSolution
		HideSolutionNode = FALSE
	EndGlobalSection
	GlobalSection(ExtensibilityGlobals) = postSolution
		SolutionGuid = {05C38676-751D-49AA-BFAF-9DFD0786700F}
	EndGlobalSection
EndGlobal
